# This file is automatically @generated by Cargo.
# It is not intended for manual editing.
version = 3

[[package]]
name = "ymap"
version = "0.1.0"
<<<<<<< HEAD

[[package]]
name = "ymap-equations"
version = "0.1.0"

[[package]]
name = "ymap-functions"
version = "0.1.0"
dependencies = [
 "ymap-sets",
]

[[package]]
name = "ymap-sets"
version = "0.1.0"
dependencies = [
 "derive_more",
 "num-traits",
]
=======
>>>>>>> parent of 0d5b0ae (add: initial set trais)
